
Microsoft Visual Studio Solution File, Format Version 12.00
# Visual Studio 14
VisualStudioVersion = 14.0.25420.1
MinimumVisualStudioVersion = 10.0.40219.1
Project("{F14B399A-7131-4C87-9E4B-1186C45EF12D}") = "Test", "DW21 Jean Shipments and Credits SS1\Test.rptproj", "{7D0B1895-17C4-401F-A4B1-C71E7B2724CC}"
EndProject
Global
	GlobalSection(SolutionConfigurationPlatforms) = preSolution
		Debug|Default = Debug|Default
		DebugLocal|Default = DebugLocal|Default
		Release|Default = Release|Default
	EndGlobalSection
	GlobalSection(ProjectConfigurationPlatforms) = postSolution
		{7D0B1895-17C4-401F-A4B1-C71E7B2724CC}.Debug|Default.ActiveCfg = Debug
		{7D0B1895-17C4-401F-A4B1-C71E7B2724CC}.Debug|Default.Build.0 = Debug
		{7D0B1895-17C4-401F-A4B1-C71E7B2724CC}.Debug|Default.Deploy.0 = Debug
		{7D0B1895-17C4-401F-A4B1-C71E7B2724CC}.DebugLocal|Default.ActiveCfg = DebugLocal
		{7D0B1895-17C4-401F-A4B1-C71E7B2724CC}.DebugLocal|Default.Build.0 = DebugLocal
		{7D0B1895-17C4-401F-A4B1-C71E7B2724CC}.Release|Default.ActiveCfg = Release
		{7D0B1895-17C4-401F-A4B1-C71E7B2724CC}.Release|Default.Build.0 = Release
		{7D0B1895-17C4-401F-A4B1-C71E7B2724CC}.Release|Default.Deploy.0 = Release
	EndGlobalSection
	GlobalSection(SolutionProperties) = preSolution
		HideSolutionNode = FALSE
	EndGlobalSection
EndGlobal
